<?xml version="1.0" encoding="utf-8"?>
<Project ToolsVersion="4.0" xmlns="http://schemas.microsoft.com/developer/msbuild/2003">
  <ItemGroup>
    <Filter Include="소스 파일">
      <UniqueIdentifier>{4FC737F1-C7A5-4376-A066-2A32D752A2FF}</UniqueIdentifier>
      <Extensions>cpp;c;cc;cxx;c++;cppm;ixx;def;odl;idl;hpj;bat;asm;asmx</Extensions>
    </Filter>
    <Filter Include="헤더 파일">
      <UniqueIdentifier>{93995380-89BD-4b04-88EB-625FBE52EBFB}</UniqueIdentifier>
      <Extensions>h;hh;hpp;hxx;h++;hm;inl;inc;ipp;xsd</Extensions>
    </Filter>
    <Filter Include="리소스 파일">
      <UniqueIdentifier>{67DA6AB6-F800-4c08-8B7A-83BB121AAD01}</UniqueIdentifier>
      <Extensions>rc;ico;cur;bmp;dlg;rc2;rct;bin;rgs;gif;jpg;jpeg;jpe;resx;tiff;tif;png;wav;mfcribbon-ms</Extensions>
    </Filter>
    <Filter Include="소스 파일\test1%28~2%29">
      <UniqueIdentifier>{4227aa13-54e3-4f14-808d-e3e93c222dc7}</UniqueIdentifier>
    </Filter>
    <Filter Include="소스 파일\test1%28~2%29\week2">
      <UniqueIdentifier>{4c926d01-fd2b-4f51-aaa3-c83ae5c3303e}</UniqueIdentifier>
    </Filter>
    <Filter Include="소스 파일\test1%28~2%29\week2\ch_2_train">
      <UniqueIdentifier>{bf96c1f9-da92-4f1a-8517-c5269c0b494f}</UniqueIdentifier>
    </Filter>
    <Filter Include="소스 파일\test1%28~2%29\week2\ch2_stringArrayETC">
      <UniqueIdentifier>{2506bbbf-18fc-4c90-8111-4c4765f36aa9}</UniqueIdentifier>
    </Filter>
    <Filter Include="소스 파일\test1%28~2%29\week2\ch2_stringArraryErr">
      <UniqueIdentifier>{19b783ea-e396-4ef8-a7c2-449e8b53319a}</UniqueIdentifier>
    </Filter>
    <Filter Include="소스 파일\test1%28~2%29\week1">
      <UniqueIdentifier>{38d8dd41-a732-453d-8c0c-ca7d412450c4}</UniqueIdentifier>
    </Filter>
    <Filter Include="소스 파일\test1%28~2%29\week1\ch1_functionArray">
      <UniqueIdentifier>{abf479dc-29b5-435d-a08e-ea2aa132cda1}</UniqueIdentifier>
    </Filter>
    <Filter Include="소스 파일\test1%28~2%29\week1\ch1_string">
      <UniqueIdentifier>{34f75df1-fe6c-46f3-a56e-c0a4ddd6269a}</UniqueIdentifier>
    </Filter>
    <Filter Include="소스 파일\test1%28~2%29\week1\ch2_pointer">
      <UniqueIdentifier>{57668c75-41f0-4e0c-b68d-6d47ff7a047e}</UniqueIdentifier>
    </Filter>
    <Filter Include="소스 파일\test1%28~2%29\week1\ch2_2">
      <UniqueIdentifier>{4b9e0b73-8f2e-412d-94ed-c984f32c6b36}</UniqueIdentifier>
    </Filter>
    <Filter Include="소스 파일\test1%28~2%29\week1\ch2_3">
      <UniqueIdentifier>{91ede1bf-5dba-49ba-9f9b-5ff27369987c}</UniqueIdentifier>
    </Filter>
    <Filter Include="소스 파일\test2%28~6%29">
      <UniqueIdentifier>{c29ff38b-4661-47d8-93f2-909faebf319e}</UniqueIdentifier>
    </Filter>
    <Filter Include="소스 파일\test2%28~6%29\week4">
      <UniqueIdentifier>{85b23c8e-6431-49f5-91ad-bc81fdcafc4b}</UniqueIdentifier>
    </Filter>
    <Filter Include="소스 파일\test2%28~6%29\train">
      <UniqueIdentifier>{101dc89b-c826-4268-8b7a-71ef5e78aa2f}</UniqueIdentifier>
    </Filter>
    <Filter Include="소스 파일\test2%28~6%29\week5-2">
      <UniqueIdentifier>{6cc077a0-ccc3-44da-9927-ec2a737c4e83}</UniqueIdentifier>
    </Filter>
    <Filter Include="소스 파일\test2%28~6%29\week4-2">
      <UniqueIdentifier>{6b469d63-a0c1-42ca-aa66-e5854f77a918}</UniqueIdentifier>
    </Filter>
    <Filter Include="소스 파일\test2%28~6%29\week5-1">
      <UniqueIdentifier>{aebe5f1b-a506-4713-ac36-8a6f8c87e16a}</UniqueIdentifier>
    </Filter>
    <Filter Include="소스 파일\test2%28~6%29\lab">
      <UniqueIdentifier>{b66f44e7-63f1-4759-8816-9b58a621eff4}</UniqueIdentifier>
    </Filter>
    <Filter Include="소스 파일\test3">
      <UniqueIdentifier>{7b7822e7-f564-4d9c-ac71-f922ae23daab}</UniqueIdentifier>
    </Filter>
    <Filter Include="소스 파일\test3\week7_1">
      <UniqueIdentifier>{dd53e42a-f181-43d4-81a2-8e1c91c5f985}</UniqueIdentifier>
    </Filter>
    <Filter Include="소스 파일\test3\week7_2">
      <UniqueIdentifier>{3e1ba796-bf74-4071-a546-4565baf19539}</UniqueIdentifier>
    </Filter>
    <Filter Include="소스 파일\test4">
      <UniqueIdentifier>{4cf00f6b-2a79-44c1-a1f0-3a09f21be1ad}</UniqueIdentifier>
    </Filter>
    <Filter Include="소스 파일\test4\week11_1">
      <UniqueIdentifier>{bde4eb96-2e09-4a10-963c-f2df71408d8a}</UniqueIdentifier>
    </Filter>
    <Filter Include="소스 파일\test4\week12_1">
      <UniqueIdentifier>{5db9ac48-fcdf-4311-9d51-00774d15f7be}</UniqueIdentifier>
    </Filter>
    <Filter Include="소스 파일\test4\week12_2">
      <UniqueIdentifier>{6ae4522c-cc97-4986-913b-4123671559dd}</UniqueIdentifier>
    </Filter>
    <Filter Include="소스 파일\test5">
      <UniqueIdentifier>{91acef13-9e96-4fb8-b39b-7fa7e3ac7a09}</UniqueIdentifier>
    </Filter>
  </ItemGroup>
  <ItemGroup>
    <ClCompile Include="week1\Chapter1_basic1\train_실습1_2정수배열정렬삽입.cpp">
      <Filter>소스 파일\test1%28~2%29\week1\ch1_functionArray</Filter>
    </ClCompile>
    <ClCompile Include="week1\Chapter1_basic1\train_실습1_3다차원배열.cpp">
      <Filter>소스 파일\test1%28~2%29\week1\ch1_functionArray</Filter>
    </ClCompile>
    <ClCompile Include="week1\Chapter1_basic1\train_실습1_6문자열_c코드.cpp">
      <Filter>소스 파일\test1%28~2%29\week1\ch1_functionArray</Filter>
    </ClCompile>
    <ClCompile Include="week1\Chapter1_basic2\train_실습1_7문자열교체.cpp">
      <Filter>소스 파일\test1%28~2%29\week1\ch1_string</Filter>
    </ClCompile>
    <ClCompile Include="week1\Chapter1_basic2\train_실습1_8스트링토큰처리.cpp">
      <Filter>소스 파일\test1%28~2%29\week1\ch1_string</Filter>
    </ClCompile>
    <ClCompile Include="week1\Chapter1_basic2\train_실습1_9스트링토큰숫자.cpp">
      <Filter>소스 파일\test1%28~2%29\week1\ch1_string</Filter>
    </ClCompile>
    <ClCompile Include="week1\Chapter2_1_pointer\2-1.arr1.cpp">
      <Filter>소스 파일\test1%28~2%29\week1\ch2_pointer</Filter>
    </ClCompile>
    <ClCompile Include="week1\Chapter2_1_pointer\2-2.pointerArray.cpp">
      <Filter>소스 파일\test1%28~2%29\week1\ch2_pointer</Filter>
    </ClCompile>
    <ClCompile Include="week1\Chapter2_1_pointer\2-3.pointer_2dimensionArray.cpp">
      <Filter>소스 파일\test1%28~2%29\week1\ch2_pointer</Filter>
    </ClCompile>
    <ClCompile Include="week1\Chapter2_1_pointer\2-4.pointer_array.cpp">
      <Filter>소스 파일\test1%28~2%29\week1\ch2_pointer</Filter>
    </ClCompile>
    <ClCompile Include="week1\Chapter2_1_pointer\2-5.배열전달_ptr_to_array.cpp">
      <Filter>소스 파일\test1%28~2%29\week1\ch2_pointer</Filter>
    </ClCompile>
    <ClCompile Include="week1\Chapter2_2\2장-1.reference.cpp">
      <Filter>소스 파일\test1%28~2%29\week1\ch2_2</Filter>
    </ClCompile>
    <ClCompile Include="week1\Chapter2_2\2장-3.array_pointer.cpp">
      <Filter>소스 파일\test1%28~2%29\week1\ch2_2</Filter>
    </ClCompile>
    <ClCompile Include="week1\Chapter2_2\2장-4.function.cpp">
      <Filter>소스 파일\test1%28~2%29\week1\ch2_2</Filter>
    </ClCompile>
    <ClCompile Include="week1\Chapter2_2\2장-5.swap.cpp">
      <Filter>소스 파일\test1%28~2%29\week1\ch2_2</Filter>
    </ClCompile>
    <ClCompile Include="week1\Chapter2_2\2장-6.swap2.cpp">
      <Filter>소스 파일\test1%28~2%29\week1\ch2_2</Filter>
    </ClCompile>
    <ClCompile Include="week1\Chapter2_3\2-6.배열전달_이중포인터.cpp">
      <Filter>소스 파일\test1%28~2%29\week1\ch2_3</Filter>
    </ClCompile>
    <ClCompile Include="week1\Chapter2_3\2-7.배열전달_arraysofpointers.cpp">
      <Filter>소스 파일\test1%28~2%29\week1\ch2_3</Filter>
    </ClCompile>
    <ClCompile Include="week1\Chapter2_3\2-8..increase.cpp">
      <Filter>소스 파일\test1%28~2%29\week1\ch2_3</Filter>
    </ClCompile>
    <ClCompile Include="week1\Chapter2_3\2-11.ragged.cpp">
      <Filter>소스 파일\test1%28~2%29\week1\ch2_3</Filter>
    </ClCompile>
    <ClCompile Include="week1\Chapter2_3\2-12.char2.cpp">
      <Filter>소스 파일\test1%28~2%29\week1\ch2_3</Filter>
    </ClCompile>
    <ClCompile Include="week2\Chapter2_train\2장_train1_행렬단순연산.cpp">
      <Filter>소스 파일\test1%28~2%29\week2\ch_2_train</Filter>
    </ClCompile>
    <ClCompile Include="week2\Chapter2_train\2장_train2_행렬연산반환값.cpp">
      <Filter>소스 파일\test1%28~2%29\week2\ch_2_train</Filter>
    </ClCompile>
    <ClCompile Include="week2\Chapter2_train\2장_train3_행렬연산이중포인터.cpp">
      <Filter>소스 파일\test1%28~2%29\week2\ch_2_train</Filter>
    </ClCompile>
    <ClCompile Include="week2\Chapter2_train\2장_train4_행렬1차원표현.cpp">
      <Filter>소스 파일\test1%28~2%29\week2\ch_2_train</Filter>
    </ClCompile>
    <ClCompile Include="week2\Chapter2_train\2장-8.char_array.cpp">
      <Filter>소스 파일\test1%28~2%29\week2\ch_2_train</Filter>
    </ClCompile>
    <ClCompile Include="week2\Chapter2_stringArrayETC\2장_train7_스트링배열이중포인터.cpp">
      <Filter>소스 파일\test1%28~2%29\week2\ch2_stringArrayETC</Filter>
    </ClCompile>
    <ClCompile Include="week2\Chapter2_stringArrayETC\2장_train8_ 구조객체배열정렬.cpp">
      <Filter>소스 파일\test1%28~2%29\week2\ch2_stringArrayETC</Filter>
    </ClCompile>
    <ClCompile Include="week2\Chapter2_stringArrayETC\2장_train9_스트링배열정렬삽입.cpp">
      <Filter>소스 파일\test1%28~2%29\week2\ch2_stringArrayETC</Filter>
    </ClCompile>
    <ClCompile Include="week2\Chapter2_stringArrayETC\2장_train10_스트링분리정렬빈도수.cpp">
      <Filter>소스 파일\test1%28~2%29\week2\ch2_stringArrayETC</Filter>
    </ClCompile>
    <ClCompile Include="week2\Chapter2_stringArrayErr\2장_실습5_스트링배열_스택오버플로우.cpp">
      <Filter>소스 파일\test1%28~2%29\week2\ch2_stringArraryErr</Filter>
    </ClCompile>
    <ClCompile Include="week2\Chapter2_stringArrayErr\2장_실습6_스트링배ArraysOfPointers.cpp">
      <Filter>소스 파일\test1%28~2%29\week2\ch2_stringArraryErr</Filter>
    </ClCompile>
    <ClCompile Include="week2\Chapter2_stringArrayErr\2장-7.static.cpp">
      <Filter>소스 파일\test1%28~2%29\week2\ch2_stringArraryErr</Filter>
    </ClCompile>
    <ClCompile Include="week4\실습_3장_6_스트링멤버객체배열정렬.cpp">
      <Filter>소스 파일\test2%28~6%29\week4</Filter>
    </ClCompile>
    <ClCompile Include="week4\교재소스_3_1_포인트struct.cpp">
      <Filter>소스 파일\test2%28~6%29\week4</Filter>
    </ClCompile>
    <ClCompile Include="week4\교재소스_3_2_포인트클래스.cpp">
      <Filter>소스 파일\test2%28~6%29\week4</Filter>
    </ClCompile>
    <ClCompile Include="week4\교재소스_3_3_포인트struct_cpp.cpp">
      <Filter>소스 파일\test2%28~6%29\week4</Filter>
    </ClCompile>
    <ClCompile Include="week4\교재소스_3_4_Date클래스.cpp">
      <Filter>소스 파일\test2%28~6%29\week4</Filter>
    </ClCompile>
    <ClCompile Include="week4\교재소스_3_5_Date클래스2.cpp">
      <Filter>소스 파일\test2%28~6%29\week4</Filter>
    </ClCompile>
    <ClCompile Include="week4\교재소스_3_6_Student클래스.cpp">
      <Filter>소스 파일\test2%28~6%29\week4</Filter>
    </ClCompile>
    <ClCompile Include="week4\실습_3장_1_정수멤버구조체.cpp">
      <Filter>소스 파일\test2%28~6%29\week4</Filter>
    </ClCompile>
    <ClCompile Include="week4\실습_3장_2_구조체_스트링멤버.cpp">
      <Filter>소스 파일\test2%28~6%29\week4</Filter>
    </ClCompile>
    <ClCompile Include="week4\실습_3장_3_객체배열정렬.cpp">
      <Filter>소스 파일\test2%28~6%29\week4</Filter>
    </ClCompile>
    <ClCompile Include="week4\실습_3장_4_행렬struct.cpp">
      <Filter>소스 파일\test2%28~6%29\week4</Filter>
    </ClCompile>
    <ClCompile Include="week4\실습_3장_5_행렬class.cpp">
      <Filter>소스 파일\test2%28~6%29\week4</Filter>
    </ClCompile>
    <ClCompile Include="실습_3장_1.cpp">
      <Filter>소스 파일\test2%28~6%29\train</Filter>
    </ClCompile>
    <ClCompile Include="실습_3장_2.cpp">
      <Filter>소스 파일\test2%28~6%29\train</Filter>
    </ClCompile>
    <ClCompile Include="week5-1\5장_1_default 생성자클래스.cpp">
      <Filter>소스 파일\test2%28~6%29\week5-2</Filter>
    </ClCompile>
    <ClCompile Include="week5-1\5장_2_생성자클래스.cpp">
      <Filter>소스 파일\test2%28~6%29\week5-2</Filter>
    </ClCompile>
    <ClCompile Include="week5-1\5장_3_클래스private.cpp">
      <Filter>소스 파일\test2%28~6%29\week5-2</Filter>
    </ClCompile>
    <ClCompile Include="week5-1\5장_4_this포인터.cpp">
      <Filter>소스 파일\test2%28~6%29\week5-2</Filter>
    </ClCompile>
    <ClCompile Include="week5-1\5장_5_복사생성자.cpp">
      <Filter>소스 파일\test2%28~6%29\week5-2</Filter>
    </ClCompile>
    <ClCompile Include="week5-1\5장_6_deep_copy.cpp">
      <Filter>소스 파일\test2%28~6%29\week5-2</Filter>
    </ClCompile>
    <ClCompile Include="week4-2\4장_14_returnBy참조_복소수.cpp">
      <Filter>소스 파일\test2%28~6%29\week4-2</Filter>
    </ClCompile>
    <ClCompile Include="week4-2\4장_1_static_linkage.cpp">
      <Filter>소스 파일\test2%28~6%29\week4-2</Filter>
    </ClCompile>
    <ClCompile Include="week4-2\4장_2_스트림_IN_OUT.cpp">
      <Filter>소스 파일\test2%28~6%29\week4-2</Filter>
    </ClCompile>
    <ClCompile Include="week4-2\4장_3_const변수.cpp">
      <Filter>소스 파일\test2%28~6%29\week4-2</Filter>
    </ClCompile>
    <ClCompile Include="week4-2\4장_4_const사용함수.cpp">
      <Filter>소스 파일\test2%28~6%29\week4-2</Filter>
    </ClCompile>
    <ClCompile Include="week4-2\4장_5_참조전달.cpp">
      <Filter>소스 파일\test2%28~6%29\week4-2</Filter>
    </ClCompile>
    <ClCompile Include="week4-2\4장_6_reference_variable.cpp">
      <Filter>소스 파일\test2%28~6%29\week4-2</Filter>
    </ClCompile>
    <ClCompile Include="week4-2\4장_7_passByReference.cpp">
      <Filter>소스 파일\test2%28~6%29\week4-2</Filter>
    </ClCompile>
    <ClCompile Include="week4-2\4장_8_참조변수swap함수.cpp">
      <Filter>소스 파일\test2%28~6%29\week4-2</Filter>
    </ClCompile>
    <ClCompile Include="week4-2\4장_9_returnByReference.cpp">
      <Filter>소스 파일\test2%28~6%29\week4-2</Filter>
    </ClCompile>
    <ClCompile Include="week4-2\4장_10_returnByPointer.cpp">
      <Filter>소스 파일\test2%28~6%29\week4-2</Filter>
    </ClCompile>
    <ClCompile Include="week4-2\4장_11_returnBy값_복소수.cpp">
      <Filter>소스 파일\test2%28~6%29\week4-2</Filter>
    </ClCompile>
    <ClCompile Include="week4-2\4장_12_returnby참조_복소수.cpp">
      <Filter>소스 파일\test2%28~6%29\week4-2</Filter>
    </ClCompile>
    <ClCompile Include="week4-2\4장_13_returnBY참조_sideeffects.cpp">
      <Filter>소스 파일\test2%28~6%29\week4-2</Filter>
    </ClCompile>
    <ClCompile Include="week4-2\4장_15_타입변환.cpp">
      <Filter>소스 파일\test2%28~6%29\week5-1</Filter>
    </ClCompile>
    <ClCompile Include="week4-2\4장_16_dynamic_cast.cpp">
      <Filter>소스 파일\test2%28~6%29\week5-1</Filter>
    </ClCompile>
    <ClCompile Include="week4-2\4장_17_static_cast사용예제.cpp">
      <Filter>소스 파일\test2%28~6%29\week5-1</Filter>
    </ClCompile>
    <ClCompile Include="week4-2\4장_18_ostream.cpp">
      <Filter>소스 파일\test2%28~6%29\week5-1</Filter>
    </ClCompile>
    <ClCompile Include="week5-1\5장_7_포인터변수객체.cpp">
      <Filter>소스 파일\test2%28~6%29</Filter>
    </ClCompile>
    <ClCompile Include="week5-1\5장_8_포인터변수_클래스상속.cpp">
      <Filter>소스 파일\test2%28~6%29</Filter>
    </ClCompile>
    <ClCompile Include="week5-1\5장_9_클래스변수메소드.cpp">
      <Filter>소스 파일\test2%28~6%29</Filter>
    </ClCompile>
    <ClCompile Include="week5-1\5장_10_string클래스.cpp">
      <Filter>소스 파일\test2%28~6%29</Filter>
    </ClCompile>
    <ClCompile Include="실습_3장_4.cpp">
      <Filter>소스 파일\test2%28~6%29\train</Filter>
    </ClCompile>
    <ClCompile Include="lab.cpp">
      <Filter>소스 파일\test2%28~6%29\lab</Filter>
    </ClCompile>
    <ClCompile Include="lab_1.cpp">
      <Filter>소스 파일\test2%28~6%29\lab</Filter>
    </ClCompile>
    <ClCompile Include="lab_2.cpp">
      <Filter>소스 파일\test2%28~6%29\lab</Filter>
    </ClCompile>
    <ClCompile Include="lab_3.cpp">
      <Filter>소스 파일\test2%28~6%29\lab</Filter>
    </ClCompile>
    <ClCompile Include="lab_3_1.cpp">
      <Filter>소스 파일\test2%28~6%29\lab</Filter>
    </ClCompile>
    <ClCompile Include="lab_4.cpp">
      <Filter>소스 파일\test2%28~6%29\lab</Filter>
    </ClCompile>
    <ClCompile Include="lab_4_1.cpp">
      <Filter>소스 파일\test2%28~6%29\lab</Filter>
    </ClCompile>
    <ClCompile Include="chap6\6장_1_메소드접근제한자.cpp">
      <Filter>소스 파일\test3\week7_1</Filter>
    </ClCompile>
    <ClCompile Include="chap6\6장_2_문자열포인터_aliasing.cpp">
      <Filter>소스 파일\test3\week7_1</Filter>
    </ClCompile>
    <ClCompile Include="chap6\6장_3_string_aliasing.cpp">
      <Filter>소스 파일\test3\week7_1</Filter>
    </ClCompile>
    <ClCompile Include="chap6\6장_4_overloading.cpp">
      <Filter>소스 파일\test3\week7_1</Filter>
    </ClCompile>
    <ClCompile Include="chap6\6장_5_operator오버로딩.cpp">
      <Filter>소스 파일\test3\week7_1</Filter>
    </ClCompile>
    <ClCompile Include="chap6\6장_6_operator_cascading.cpp">
      <Filter>소스 파일\test3\week7_1</Filter>
    </ClCompile>
    <ClCompile Include="chap6\6장_7_복소수정렬.cpp">
      <Filter>소스 파일\test3\week7_1</Filter>
    </ClCompile>
    <ClCompile Include="chap6\6장_8_증감연산자.cpp">
      <Filter>소스 파일\test3\week7_1</Filter>
    </ClCompile>
    <ClCompile Include="chap6\6장_9_치환연산자.cpp">
      <Filter>소스 파일\test3\week7_1</Filter>
    </ClCompile>
    <ClCompile Include="chap6\6장_10_assign_shallowcopy.cpp">
      <Filter>소스 파일\test3\week7_1</Filter>
    </ClCompile>
    <ClCompile Include="chap6\6장_11_타입변환연산자.cpp">
      <Filter>소스 파일\test3\week7_1</Filter>
    </ClCompile>
    <ClCompile Include="chap6\6장_12_함수전달_복사생성자.cpp">
      <Filter>소스 파일\test3\week7_1</Filter>
    </ClCompile>
    <ClCompile Include="chap6\6장_13_friend클래스.cpp">
      <Filter>소스 파일\test3\week7_1</Filter>
    </ClCompile>
    <ClCompile Include="chap6\6장_14_stream연산자.cpp">
      <Filter>소스 파일\test3\week7_1</Filter>
    </ClCompile>
    <ClCompile Include="chap7\7장_1_상속_재사용.cpp">
      <Filter>소스 파일\test3\week7_2</Filter>
    </ClCompile>
    <ClCompile Include="chap7\7장_2_상속_유도클래스.cpp">
      <Filter>소스 파일\test3\week7_2</Filter>
    </ClCompile>
    <ClCompile Include="chap7\7장_3_1_상속_private상속.cpp">
      <Filter>소스 파일\test3\week7_2</Filter>
    </ClCompile>
    <ClCompile Include="chap7\7장_3_상속_private상속.cpp">
      <Filter>소스 파일\test3\week7_2</Filter>
    </ClCompile>
    <ClCompile Include="chap7\7장_4_다중상속.cpp">
      <Filter>소스 파일\test3\week7_2</Filter>
    </ClCompile>
    <ClCompile Include="chap7\7장_5_반복상속.cpp">
      <Filter>소스 파일\test3\week7_2</Filter>
    </ClCompile>
    <ClCompile Include="chap7\7장_6_다중상속예.cpp">
      <Filter>소스 파일\test3\week7_2</Filter>
    </ClCompile>
    <ClCompile Include="chap8\8장_1_struct타입호환.cpp">
      <Filter>소스 파일\test4\week11_1</Filter>
    </ClCompile>
    <ClCompile Include="chap8\8장_2_클래스타입호환.cpp">
      <Filter>소스 파일\test4\week11_1</Filter>
    </ClCompile>
    <ClCompile Include="chap8\8장_3_클래스타입_변환연산자.cpp">
      <Filter>소스 파일\test4\week11_1</Filter>
    </ClCompile>
    <ClCompile Include="chap8\8장_4_동적바인딩_함수내.cpp">
      <Filter>소스 파일\test4\week11_1</Filter>
    </ClCompile>
    <ClCompile Include="chap8\8장_5_동적바인딩_컨테이너클래스.cpp">
      <Filter>소스 파일\test4\week11_1</Filter>
    </ClCompile>
    <ClCompile Include="chap8\8장_6_정적바인딩_동적바인딩.cpp">
      <Filter>소스 파일\test4\week12_1</Filter>
    </ClCompile>
    <ClCompile Include="chap8\8장_7_subclassing_상세화.cpp">
      <Filter>소스 파일\test4\week12_1</Filter>
    </ClCompile>
    <ClCompile Include="chap8\8장_8_union_동적바인딩.cpp">
      <Filter>소스 파일\test4\week12_1</Filter>
    </ClCompile>
    <ClCompile Include="chap9\9장_1_객체슬라이싱.cpp">
      <Filter>소스 파일\test4\week12_1</Filter>
    </ClCompile>
    <ClCompile Include="chap9\9장_2_고객제품주문클래스설계.cpp">
      <Filter>소스 파일\test4\week12_2</Filter>
    </ClCompile>
    <ClCompile Include="chap9\9장_3_1객체테이블상속.cpp">
      <Filter>소스 파일\test4\week12_2</Filter>
    </ClCompile>
    <ClCompile Include="chap9\9장_3_객체테이블구현.cpp">
      <Filter>소스 파일\test4\week12_2</Filter>
    </ClCompile>
    <ClCompile Include="chap9\9장_4_private상속.cpp">
      <Filter>소스 파일\test4\week12_2</Filter>
    </ClCompile>
    <ClCompile Include="chap9\9장_5_이동생성자.cpp">
      <Filter>소스 파일\test4\week12_2</Filter>
    </ClCompile>
    <ClCompile Include="chap10\10장_1_정렬함수.cpp">
      <Filter>소스 파일\test5</Filter>
    </ClCompile>
    <ClCompile Include="chap10\10장_2_정렬함수Template.cpp">
      <Filter>소스 파일\test5</Filter>
    </ClCompile>
    <ClCompile Include="chap10\10장_3_객체정렬함수.cpp">
      <Filter>소스 파일\test5</Filter>
    </ClCompile>
    <ClCompile Include="chap10\10장_4객체Comparator정렬.cpp">
      <Filter>소스 파일\test5</Filter>
    </ClCompile>
    <ClCompile Include="chap10\10장_5_컨테이너template.cpp">
      <Filter>소스 파일\test5</Filter>
    </ClCompile>
    <ClCompile Include="chap10\10장_6_main.cpp">
      <Filter>소스 파일\test5</Filter>
    </ClCompile>
    <ClCompile Include="chap10\10장_6_template멤버함수분리정의.cpp">
      <Filter>소스 파일\test5</Filter>
    </ClCompile>
    <ClCompile Include="chap10\10장_7_ObjectTable.cpp">
      <Filter>소스 파일\test5</Filter>
    </ClCompile>
    <ClCompile Include="chap10\10장_8_template_specialization.cpp">
      <Filter>소스 파일\test5</Filter>
    </ClCompile>
    <ClCompile Include="chap10\10장_9_STL기반테이블.cpp">
      <Filter>소스 파일\test5</Filter>
    </ClCompile>
    <ClCompile Include="chap11\11장_3_예외클래스상속.cpp">
      <Filter>소스 파일\test5</Filter>
    </ClCompile>
    <ClCompile Include="chap11\11장_4_stack_unwinding.cpp">
      <Filter>소스 파일\test5</Filter>
    </ClCompile>
    <ClCompile Include="chap11\11장_5_stack_unwinding_new객체.cpp">
      <Filter>소스 파일\test5</Filter>
    </ClCompile>
    <ClCompile Include="chap11\11장-1_나눗셈예외.cpp">
      <Filter>소스 파일\test5</Filter>
    </ClCompile>
    <ClCompile Include="chap11\11장-2_객체throw.cpp">
      <Filter>소스 파일\test5</Filter>
    </ClCompile>
    <ClCompile Include="chap11\11징_6_생성자예외correct.cpp">
      <Filter>소스 파일\test5</Filter>
    </ClCompile>
  </ItemGroup>
  <ItemGroup>
    <ClInclude Include="chap10\10장_6_objectTable.h">
      <Filter>헤더 파일</Filter>
    </ClInclude>
    <ClInclude Include="chap10\10장_6_객체 테이블.h">
      <Filter>헤더 파일</Filter>
    </ClInclude>
  </ItemGroup>
</Project>